
Microsoft Visual Studio Solution File, Format Version 12.00
# Visual Studio 14
VisualStudioVersion = 14.0.23107.0
MinimumVisualStudioVersion = 10.0.40219.1
Project("{FAE04EC0-301F-11D3-BF4B-00C04F79EFBC}") = "ContactsList.Angular", "ContactsList.Angular\ContactsList.Angular.csproj", "{19451DDD-3325-4542-B017-D1BB483C51DA}"
EndProject
Project("{FAE04EC0-301F-11D3-BF4B-00C04F79EFBC}") = "ContactsList.MVC", "ContactsList.MVC\ContactsList.MVC.csproj", "{40442A63-AD89-4901-B9C8-6B2278344679}"
EndProject
Project("{FAE04EC0-301F-11D3-BF4B-00C04F79EFBC}") = "ContactsList.API", "ContactsList.API\ContactsList.API.csproj", "{22F0D517-5574-4282-B458-8D0223C0CCAE}"
EndProject
Global
	GlobalSection(SolutionConfigurationPlatforms) = preSolution
		Debug|Any CPU = Debug|Any CPU
		Release|Any CPU = Release|Any CPU
	EndGlobalSection
	GlobalSection(ProjectConfigurationPlatforms) = postSolution
		{19451DDD-3325-4542-B017-D1BB483C51DA}.Debug|Any CPU.ActiveCfg = Debug|Any CPU
		{19451DDD-3325-4542-B017-D1BB483C51DA}.Debug|Any CPU.Build.0 = Debug|Any CPU
		{19451DDD-3325-4542-B017-D1BB483C51DA}.Release|Any CPU.ActiveCfg = Release|Any CPU
		{19451DDD-3325-4542-B017-D1BB483C51DA}.Release|Any CPU.Build.0 = Release|Any CPU
		{40442A63-AD89-4901-B9C8-6B2278344679}.Debug|Any CPU.ActiveCfg = Debug|Any CPU
		{40442A63-AD89-4901-B9C8-6B2278344679}.Debug|Any CPU.Build.0 = Debug|Any CPU
		{40442A63-AD89-4901-B9C8-6B2278344679}.Release|Any CPU.ActiveCfg = Release|Any CPU
		{40442A63-AD89-4901-B9C8-6B2278344679}.Release|Any CPU.Build.0 = Release|Any CPU
		{22F0D517-5574-4282-B458-8D0223C0CCAE}.Debug|Any CPU.ActiveCfg = Debug|Any CPU
		{22F0D517-5574-4282-B458-8D0223C0CCAE}.Debug|Any CPU.Build.0 = Debug|Any CPU
		{22F0D517-5574-4282-B458-8D0223C0CCAE}.Release|Any CPU.ActiveCfg = Release|Any CPU
		{22F0D517-5574-4282-B458-8D0223C0CCAE}.Release|Any CPU.Build.0 = Release|Any CPU
	EndGlobalSection
	GlobalSection(SolutionProperties) = preSolution
		HideSolutionNode = FALSE
	EndGlobalSection
EndGlobal
